
Microsoft Visual Studio Solution File, Format Version 12.00
# Visual Studio Version 16
VisualStudioVersion = 16.0.31605.320
MinimumVisualStudioVersion = 10.0.40219.1
Project("{FAE04EC0-301F-11D3-BF4B-00C04F79EFBC}") = "Wpf_Yshakow_PR2INS", "Wpf_Yshakow_PR2INS\Wpf_Yshakow_PR2INS.csproj", "{0EA49F3D-BEA9-4DB3-ABF3-32F35D13214B}"
EndProject
Global
	GlobalSection(SolutionConfigurationPlatforms) = preSolution
		Debug|Any CPU = Debug|Any CPU
		Release|Any CPU = Release|Any CPU
	EndGlobalSection
	GlobalSection(ProjectConfigurationPlatforms) = postSolution
		{0EA49F3D-BEA9-4DB3-ABF3-32F35D13214B}.Debug|Any CPU.ActiveCfg = Debug|Any CPU
		{0EA49F3D-BEA9-4DB3-ABF3-32F35D13214B}.Debug|Any CPU.Build.0 = Debug|Any CPU
		{0EA49F3D-BEA9-4DB3-ABF3-32F35D13214B}.Release|Any CPU.ActiveCfg = Release|Any CPU
		{0EA49F3D-BEA9-4DB3-ABF3-32F35D13214B}.Release|Any CPU.Build.0 = Release|Any CPU
	EndGlobalSection
	GlobalSection(SolutionProperties) = preSolution
		HideSolutionNode = FALSE
	EndGlobalSection
	GlobalSection(ExtensibilityGlobals) = postSolution
		SolutionGuid = {49E9DE94-79AE-4F22-9D20-83FFC4C86BF5}
	EndGlobalSection
EndGlobal
